// !$*UTF8*$!
{
	archiveVersion = 1;
	classes = {
	};
	objectVersion = 46;
	objects = {

/* Begin PBXBuildFile section */
		8AA965D61BAAA25000035A51 /* main.m in Sources */ = {isa = PBXBuildFile; fileRef = 8AA965D51BAAA25000035A51 /* main.m */; };
		8AA965D91BAAA25000035A51 /* AppDelegate.m in Sources */ = {isa = PBXBuildFile; fileRef = 8AA965D81BAAA25000035A51 /* AppDelegate.m */; };
		8AA965DC1BAAA25000035A51 /* ViewController.m in Sources */ = {isa = PBXBuildFile; fileRef = 8AA965DB1BAAA25000035A51 /* ViewController.m */; };
		8AA965DF1BAAA25000035A51 /* Main.storyboard in Resources */ = {isa = PBXBuildFile; fileRef = 8AA965DD1BAAA25000035A51 /* Main.storyboard */; };
		8AA965E11BAAA25000035A51 /* Images.xcassets in Resources */ = {isa = PBXBuildFile; fileRef = 8AA965E01BAAA25000035A51 /* Images.xcassets */; };
		8AA965E41BAAA25000035A51 /* LaunchScreen.xib in Resources */ = {isa = PBXBuildFile; fileRef = 8AA965E21BAAA25000035A51 /* LaunchScreen.xib */; };
		8AA965F01BAAA25000035A51 /* SettingsTests.m in Sources */ = {isa = PBXBuildFile; fileRef = 8AA965EF1BAAA25000035A51 /* SettingsTests.m */; };
		8AA965FA1BAAA29E00035A51 /* Settings.bundle in Resources */ = {isa = PBXBuildFile; fileRef = 8AA965F91BAAA29E00035A51 /* Settings.bundle */; };
		8AA966011BAABD2B00035A51 /* max.png in Resources */ = {isa = PBXBuildFile; fileRef = 8AA965FF1BAABD2B00035A51 /* max.png */; };
		8AA966021BAABD2B00035A51 /* min.png in Resources */ = {isa = PBXBuildFile; fileRef = 8AA966001BAABD2B00035A51 /* min.png */; };
		8AEE65571BAC0ABA0049273B /* InfoPlist.strings in Resources */ = {isa = PBXBuildFile; fileRef = 8AEE65591BAC0ABA0049273B /* InfoPlist.strings */; };
		8AEE655C1BAC0ABA0049273B /* InfoPlist.strings in Resources */ = {isa = PBXBuildFile; fileRef = 8AEE655E1BAC0ABA0049273B /* InfoPlist.strings */; };
/* End PBXBuildFile section */

/* Begin PBXContainerItemProxy section */
		8AA965EA1BAAA25000035A51 /* PBXContainerItemProxy */ = {
			isa = PBXContainerItemProxy;
			containerPortal = 8AA965C81BAAA25000035A51 /* Project object */;
			proxyType = 1;
			remoteGlobalIDString = 8AA965CF1BAAA25000035A51;
			remoteInfo = Settings;
		};
/* End PBXContainerItemProxy section */

/* Begin PBXFileReference section */
		8AA965D01BAAA25000035A51 /* Settings.app */ = {isa = PBXFileReference; explicitFileType = wrapper.application; includeInIndex = 0; path = Settings.app; sourceTree = BUILT_PRODUCTS_DIR; };
		8AA965D41BAAA25000035A51 /* Info.plist */ = {isa = PBXFileReference; lastKnownFileType = text.plist.xml; path = Info.plist; sourceTree = "<group>"; };
		8AA965D51BAAA25000035A51 /* main.m */ = {isa = PBXFileReference; lastKnownFileType = sourcecode.c.objc; path = main.m; sourceTree = "<group>"; };
		8AA965D71BAAA25000035A51 /* AppDelegate.h */ = {isa = PBXFileReference; lastKnownFileType = sourcecode.c.h; path = AppDelegate.h; sourceTree = "<group>"; };
		8AA965D81BAAA25000035A51 /* AppDelegate.m */ = {isa = PBXFileReference; lastKnownFileType = sourcecode.c.objc; path = AppDelegate.m; sourceTree = "<group>"; };
		8AA965DA1BAAA25000035A51 /* ViewController.h */ = {isa = PBXFileReference; lastKnownFileType = sourcecode.c.h; path = ViewController.h; sourceTree = "<group>"; };
		8AA965DB1BAAA25000035A51 /* ViewController.m */ = {isa = PBXFileReference; lastKnownFileType = sourcecode.c.objc; path = ViewController.m; sourceTree = "<group>"; };
		8AA965DE1BAAA25000035A51 /* Base */ = {isa = PBXFileReference; lastKnownFileType = file.storyboard; name = Base; path = Base.lproj/Main.storyboard; sourceTree = "<group>"; };
		8AA965E01BAAA25000035A51 /* Images.xcassets */ = {isa = PBXFileReference; lastKnownFileType = folder.assetcatalog; path = Images.xcassets; sourceTree = "<group>"; };
		8AA965E31BAAA25000035A51 /* Base */ = {isa = PBXFileReference; lastKnownFileType = file.xib; name = Base; path = Base.lproj/LaunchScreen.xib; sourceTree = "<group>"; };
		8AA965E91BAAA25000035A51 /* SettingsTests.xctest */ = {isa = PBXFileReference; explicitFileType = wrapper.cfbundle; includeInIndex = 0; path = SettingsTests.xctest; sourceTree = BUILT_PRODUCTS_DIR; };
		8AA965EE1BAAA25000035A51 /* Info.plist */ = {isa = PBXFileReference; lastKnownFileType = text.plist.xml; path = Info.plist; sourceTree = "<group>"; };
		8AA965EF1BAAA25000035A51 /* SettingsTests.m */ = {isa = PBXFileReference; lastKnownFileType = sourcecode.c.objc; path = SettingsTests.m; sourceTree = "<group>"; };
		8AA965F91BAAA29E00035A51 /* Settings.bundle */ = {isa = PBXFileReference; lastKnownFileType = "wrapper.plug-in"; path = Settings.bundle; sourceTree = "<group>"; };
		8AA965FF1BAABD2B00035A51 /* max.png */ = {isa = PBXFileReference; lastKnownFileType = image.png; name = max.png; path = Images.xcassets/max.png; sourceTree = "<group>"; };
		8AA966001BAABD2B00035A51 /* min.png */ = {isa = PBXFileReference; lastKnownFileType = image.png; name = min.png; path = Images.xcassets/min.png; sourceTree = "<group>"; };
		8AEE65581BAC0ABA0049273B /* zh-Hans */ = {isa = PBXFileReference; lastKnownFileType = text.plist.strings; name = "zh-Hans"; path = "zh-Hans.lproj/InfoPlist.strings"; sourceTree = "<group>"; };
		8AEE655D1BAC0ABA0049273B /* zh-Hans */ = {isa = PBXFileReference; lastKnownFileType = text.plist.strings; name = "zh-Hans"; path = "zh-Hans.lproj/InfoPlist.strings"; sourceTree = "<group>"; };
		8AEE655F1BAC0ABA0049273B /* zh-Hans */ = {isa = PBXFileReference; lastKnownFileType = text.plist.strings; name = "zh-Hans"; path = "zh-Hans.lproj/LaunchScreen.strings"; sourceTree = "<group>"; };
		8AEE65611BAC0C4A0049273B /* zh-Hans */ = {isa = PBXFileReference; lastKnownFileType = file.storyboard; name = "zh-Hans"; path = "zh-Hans.lproj/Main.storyboard"; sourceTree = "<group>"; };
/* End PBXFileReference section */

/* Begin PBXFrameworksBuildPhase section */
		8AA965CD1BAAA25000035A51 /* Frameworks */ = {
			isa = PBXFrameworksBuildPhase;
			buildActionMask = 2147483647;
			files = (
			);
			runOnlyForDeploymentPostprocessing = 0;
		};
		8AA965E61BAAA25000035A51 /* Frameworks */ = {
			isa = PBXFrameworksBuildPhase;
			buildActionMask = 2147483647;
			files = (
			);
			runOnlyForDeploymentPostprocessing = 0;
		};
/* End PBXFrameworksBuildPhase section */

/* Begin PBXGroup section */
		8AA965C71BAAA25000035A51 = {
			isa = PBXGroup;
			children = (
				8AA965D21BAAA25000035A51 /* Settings */,
				8AA965EC1BAAA25000035A51 /* SettingsTests */,
				8AA965D11BAAA25000035A51 /* Products */,
			);
			sourceTree = "<group>";
		};
		8AA965D11BAAA25000035A51 /* Products */ = {
			isa = PBXGroup;
			children = (
				8AA965D01BAAA25000035A51 /* Settings.app */,
				8AA965E91BAAA25000035A51 /* SettingsTests.xctest */,
			);
			name = Products;
			sourceTree = "<group>";
		};
		8AA965D21BAAA25000035A51 /* Settings */ = {
			isa = PBXGroup;
			children = (
				8AA965D71BAAA25000035A51 /* AppDelegate.h */,
				8AA965D81BAAA25000035A51 /* AppDelegate.m */,
				8AA965DA1BAAA25000035A51 /* ViewController.h */,
				8AA965DB1BAAA25000035A51 /* ViewController.m */,
				8AA965DD1BAAA25000035A51 /* Main.storyboard */,
				8AA965E01BAAA25000035A51 /* Images.xcassets */,
				8AA965E21BAAA25000035A51 /* LaunchScreen.xib */,
				8AA965D31BAAA25000035A51 /* Supporting Files */,
				8AA965F91BAAA29E00035A51 /* Settings.bundle */,
			);
			path = Settings;
			sourceTree = "<group>";
		};
		8AA965D31BAAA25000035A51 /* Supporting Files */ = {
			isa = PBXGroup;
			children = (
				8AEE65591BAC0ABA0049273B /* InfoPlist.strings */,
				8AA965FF1BAABD2B00035A51 /* max.png */,
				8AA966001BAABD2B00035A51 /* min.png */,
				8AA965D41BAAA25000035A51 /* Info.plist */,
				8AA965D51BAAA25000035A51 /* main.m */,
			);
			name = "Supporting Files";
			sourceTree = "<group>";
		};
		8AA965EC1BAAA25000035A51 /* SettingsTests */ = {
			isa = PBXGroup;
			children = (
				8AA965EF1BAAA25000035A51 /* SettingsTests.m */,
				8AA965ED1BAAA25000035A51 /* Supporting Files */,
			);
			path = SettingsTests;
			sourceTree = "<group>";
		};
		8AA965ED1BAAA25000035A51 /* Supporting Files */ = {
			isa = PBXGroup;
			children = (
				8AEE655E1BAC0ABA0049273B /* InfoPlist.strings */,
				8AA965EE1BAAA25000035A51 /* Info.plist */,
			);
			name = "Supporting Files";
			sourceTree = "<group>";
		};
/* End PBXGroup section */

/* Begin PBXNativeTarget section */
		8AA965CF1BAAA25000035A51 /* Settings */ = {
			isa = PBXNativeTarget;
			buildConfigurationList = 8AA965F31BAAA25000035A51 /* Build configuration list for PBXNativeTarget "Settings" */;
			buildPhases = (
				8AA965CC1BAAA25000035A51 /* Sources */,
				8AA965CD1BAAA25000035A51 /* Frameworks */,
				8AA965CE1BAAA25000035A51 /* Resources */,
			);
			buildRules = (
			);
			dependencies = (
			);
			name = Settings;
			productName = Settings;
			productReference = 8AA965D01BAAA25000035A51 /* Settings.app */;
			productType = "com.apple.product-type.application";
		};
		8AA965E81BAAA25000035A51 /* SettingsTests */ = {
			isa = PBXNativeTarget;
			buildConfigurationList = 8AA965F61BAAA25000035A51 /* Build configuration list for PBXNativeTarget "SettingsTests" */;
			buildPhases = (
				8AA965E51BAAA25000035A51 /* Sources */,
				8AA965E61BAAA25000035A51 /* Frameworks */,
				8AA965E71BAAA25000035A51 /* Resources */,
			);
			buildRules = (
			);
			dependencies = (
				8AA965EB1BAAA25000035A51 /* PBXTargetDependency */,
			);
			name = SettingsTests;
			productName = SettingsTests;
			productReference = 8AA965E91BAAA25000035A51 /* SettingsTests.xctest */;
			productType = "com.apple.product-type.bundle.unit-test";
		};
/* End PBXNativeTarget section */

/* Begin PBXProject section */
		8AA965C81BAAA25000035A51 /* Project object */ = {
			isa = PBXProject;
			attributes = {
				LastUpgradeCheck = 0640;
				ORGANIZATIONNAME = yuMac;
				TargetAttributes = {
					8AA965CF1BAAA25000035A51 = {
						CreatedOnToolsVersion = 6.4;
						DevelopmentTeam = HEC3U2XP5S;
					};
					8AA965E81BAAA25000035A51 = {
						CreatedOnToolsVersion = 6.4;
						TestTargetID = 8AA965CF1BAAA25000035A51;
					};
				};
			};
			buildConfigurationList = 8AA965CB1BAAA25000035A51 /* Build configuration list for PBXProject "Settings" */;
			compatibilityVersion = "Xcode 3.2";
			developmentRegion = English;
			hasScannedForEncodings = 0;
			knownRegions = (
				Base,
				"zh-Hans",
			);
			mainGroup = 8AA965C71BAAA25000035A51;
			productRefGroup = 8AA965D11BAAA25000035A51 /* Products */;
			projectDirPath = "";
			projectRoot = "";
			targets = (
				8AA965CF1BAAA25000035A51 /* Settings */,
				8AA965E81BAAA25000035A51 /* SettingsTests */,
			);
		};
/* End PBXProject section */

/* Begin PBXResourcesBuildPhase section */
		8AA965CE1BAAA25000035A51 /* Resources */ = {
			isa = PBXResourcesBuildPhase;
			buildActionMask = 2147483647;
			files = (
				8AA966021BAABD2B00035A51 /* min.png in Resources */,
				8AEE65571BAC0ABA0049273B /* InfoPlist.strings in Resources */,
				8AA965FA1BAAA29E00035A51 /* Settings.bundle in Resources */,
				8AA966011BAABD2B00035A51 /* max.png in Resources */,
				8AA965DF1BAAA25000035A51 /* Main.storyboard in Resources */,
				8AA965E41BAAA25000035A51 /* LaunchScreen.xib in Resources */,
				8AA965E11BAAA25000035A51 /* Images.xcassets in Resources */,
			);
			runOnlyForDeploymentPostprocessing = 0;
		};
		8AA965E71BAAA25000035A51 /* Resources */ = {
			isa = PBXResourcesBuildPhase;
			buildActionMask = 2147483647;
			files = (
				8AEE655C1BAC0ABA0049273B /* InfoPlist.strings in Resources */,
			);
			runOnlyForDeploymentPostprocessing = 0;
		};
/* End PBXResourcesBuildPhase section */

/* Begin PBXSourcesBuildPhase section */
		8AA965CC1BAAA25000035A51 /* Sources */ = {
			isa = PBXSourcesBuildPhase;
			buildActionMask = 2147483647;
			files = (
				8AA965DC1BAAA25000035A51 /* ViewController.m in Sources */,
				8AA965D91BAAA25000035A51 /* AppDelegate.m in Sources */,
				8AA965D61BAAA25000035A51 /* main.m in Sources */,
			);
			runOnlyForDeploymentPostprocessing = 0;
		};
		8AA965E51BAAA25000035A51 /* Sources */ = {
			isa = PBXSourcesBuildPhase;
			buildActionMask = 2147483647;
			files = (
				8AA965F01BAAA25000035A51 /* SettingsTests.m in Sources */,
			);
			runOnlyForDeploymentPostprocessing = 0;
		};
/* End PBXSourcesBuildPhase section */

/* Begin PBXTargetDependency section */
		8AA965EB1BAAA25000035A51 /* PBXTargetDependency */ = {
			isa = PBXTargetDependency;
			target = 8AA965CF1BAAA25000035A51 /* Settings */;
			targetProxy = 8AA965EA1BAAA25000035A51 /* PBXContainerItemProxy */;
		};
/* End PBXTargetDependency section */

/* Begin PBXVariantGroup section */
		8AA965DD1BAAA25000035A51 /* Main.storyboard */ = {
			isa = PBXVariantGroup;
			children = (
				8AA965DE1BAAA25000035A51 /* Base */,
				8AEE65611BAC0C4A0049273B /* zh-Hans */,
			);
			name = Main.storyboard;
			sourceTree = "<group>";
		};
		8AA965E21BAAA25000035A51 /* LaunchScreen.xib */ = {
			isa = PBXVariantGroup;
			children = (
				8AA965E31BAAA25000035A51 /* Base */,
				8AEE655F1BAC0ABA0049273B /* zh-Hans */,
			);
			name = LaunchScreen.xib;
			sourceTree = "<group>";
		};
		8AEE65591BAC0ABA0049273B /* InfoPlist.strings */ = {
			isa = PBXVariantGroup;
			children = (
				8AEE65581BAC0ABA0049273B /* zh-Hans */,
			);
			name = InfoPlist.strings;
			sourceTree = "<group>";
		};
		8AEE655E1BAC0ABA0049273B /* InfoPlist.strings */ = {
			isa = PBXVariantGroup;
			children = (
				8AEE655D1BAC0ABA0049273B /* zh-Hans */,
			);
			name = InfoPlist.strings;
			sourceTree = "<group>";
		};
/* End PBXVariantGroup section */

/* Begin XCBuildConfiguration section */
		8AA965F11BAAA25000035A51 /* Debug */ = {
			isa = XCBuildConfiguration;
			buildSettings = {
				ALWAYS_SEARCH_USER_PATHS = NO;
				CLANG_CXX_LANGUAGE_STANDARD = "gnu++0x";
				CLANG_CXX_LIBRARY = "libc++";
				CLANG_ENABLE_MODULES = YES;
				CLANG_ENABLE_OBJC_ARC = YES;
				CLANG_WARN_BOOL_CONVERSION = YES;
				CLANG_WARN_CONSTANT_CONVERSION = YES;
				CLANG_WARN_DIRECT_OBJC_ISA_USAGE = YES_ERROR;
				CLANG_WARN_EMPTY_BODY = YES;
				CLANG_WARN_ENUM_CONVERSION = YES;
				CLANG_WARN_INT_CONVERSION = YES;
				CLANG_WARN_OBJC_ROOT_CLASS = YES_ERROR;
				CLANG_WARN_UNREACHABLE_CODE = YES;
				CLANG_WARN__DUPLICATE_METHOD_MATCH = YES;
				"CODE_SIGN_IDENTITY[sdk=iphoneos*]" = "iPhone Developer";
				COPY_PHASE_STRIP = NO;
				DEBUG_INFORMATION_FORMAT = "dwarf-with-dsym";
				ENABLE_STRICT_OBJC_MSGSEND = YES;
				GCC_C_LANGUAGE_STANDARD = gnu99;
				GCC_DYNAMIC_NO_PIC = NO;
				GCC_NO_COMMON_BLOCKS = YES;
				GCC_OPTIMIZATION_LEVEL = 0;
				GCC_PREPROCESSOR_DEFINITIONS = (
					"DEBUG=1",
					"$(inherited)",
				);
				GCC_SYMBOLS_PRIVATE_EXTERN = NO;
				GCC_WARN_64_TO_32_BIT_CONVERSION = YES;
				GCC_WARN_ABOUT_RETURN_TYPE = YES_ERROR;
				GCC_WARN_UNDECLARED_SELECTOR = YES;
				GCC_WARN_UNINITIALIZED_AUTOS = YES_AGGRESSIVE;
				GCC_WARN_UNUSED_FUNCTION = YES;
				GCC_WARN_UNUSED_VARIABLE = YES;
				IPHONEOS_DEPLOYMENT_TARGET = 8.4;
				MTL_ENABLE_DEBUG_INFO = YES;
				ONLY_ACTIVE_ARCH = YES;
				SDKROOT = iphoneos;
			};
			name = Debug;
		};
		8AA965F21BAAA25000035A51 /* Release */ = {
			isa = XCBuildConfiguration;
			buildSettings = {
				ALWAYS_SEARCH_USER_PATHS = NO;
				CLANG_CXX_LANGUAGE_STANDARD = "gnu++0x";
				CLANG_CXX_LIBRARY = "libc++";
				CLANG_ENABLE_MODULES = YES;
				CLANG_ENABLE_OBJC_ARC = YES;
				CLANG_WARN_BOOL_CONVERSION = YES;
				CLANG_WARN_CONSTANT_CONVERSION = YES;
				CLANG_WARN_DIRECT_OBJC_ISA_USAGE = YES_ERROR;
				CLANG_WARN_EMPTY_BODY = YES;
				CLANG_WARN_ENUM_CONVERSION = YES;
				CLANG_WARN_INT_CONVERSION = YES;
				CLANG_WARN_OBJC_ROOT_CLASS = YES_ERROR;
				CLANG_WARN_UNREACHABLE_CODE = YES;
				CLANG_WARN__DUPLICATE_METHOD_MATCH = YES;
				"CODE_SIGN_IDENTITY[sdk=iphoneos*]" = "iPhone Developer";
				COPY_PHASE_STRIP = NO;
				DEBUG_INFORMATION_FORMAT = "dwarf-with-dsym";
				ENABLE_NS_ASSERTIONS = NO;
				ENABLE_STRICT_OBJC_MSGSEND = YES;
				GCC_C_LANGUAGE_STANDARD = gnu99;
				GCC_NO_COMMON_BLOCKS = YES;
				GCC_WARN_64_TO_32_BIT_CONVERSION = YES;
				GCC_WARN_ABOUT_RETURN_TYPE = YES_ERROR;
				GCC_WARN_UNDECLARED_SELECTOR = YES;
				GCC_WARN_UNINITIALIZED_AUTOS = YES_AGGRESSIVE;
				GCC_WARN_UNUSED_FUNCTION = YES;
				GCC_WARN_UNUSED_VARIABLE = YES;
				IPHONEOS_DEPLOYMENT_TARGET = 8.4;
				MTL_ENABLE_DEBUG_INFO = NO;
				SDKROOT = iphoneos;
				VALIDATE_PRODUCT = YES;
			};
			name = Release;
		};
		8AA965F41BAAA25000035A51 /* Debug */ = {
			isa = XCBuildConfiguration;
			buildSettings = {
				ASSETCATALOG_COMPILER_APPICON_NAME = AppIcon;
				CODE_SIGN_IDENTITY = "iPhone Developer";
				"CODE_SIGN_IDENTITY[sdk=iphoneos*]" = "iPhone Developer";
				INFOPLIST_FILE = Settings/Info.plist;
				LD_RUNPATH_SEARCH_PATHS = "$(inherited) @executable_path/Frameworks";
				PRODUCT_NAME = "$(TARGET_NAME)";
				PROVISIONING_PROFILE = "";
			};
			name = Debug;
		};
		8AA965F51BAAA25000035A51 /* Release */ = {
			isa = XCBuildConfiguration;
			buildSettings = {
				ASSETCATALOG_COMPILER_APPICON_NAME = AppIcon;
				CODE_SIGN_IDENTITY = "iPhone Developer";
				"CODE_SIGN_IDENTITY[sdk=iphoneos*]" = "iPhone Developer";
				INFOPLIST_FILE = Settings/Info.plist;
				LD_RUNPATH_SEARCH_PATHS = "$(inherited) @executable_path/Frameworks";
				PRODUCT_NAME = "$(TARGET_NAME)";
				PROVISIONING_PROFILE = "";
			};
			name = Release;
		};
		8AA965F71BAAA25000035A51 /* Debug */ = {
			isa = XCBuildConfiguration;
			buildSettings = {
				BUNDLE_LOADER = "$(TEST_HOST)";
				FRAMEWORK_SEARCH_PATHS = (
					"$(SDKROOT)/Developer/Library/Frameworks",
					"$(inherited)",
				);
				GCC_PREPROCESSOR_DEFINITIONS = (
					"DEBUG=1",
					"$(inherited)",
				);
				INFOPLIST_FILE = SettingsTests/Info.plist;
				LD_RUNPATH_SEARCH_PATHS = "$(inherited) @executable_path/Frameworks @loader_path/Frameworks";
				PRODUCT_NAME = "$(TARGET_NAME)";
				TEST_HOST = "$(BUILT_PRODUCTS_DIR)/Settings.app/Settings";
			};
			name = Debug;
		};
		8AA965F81BAAA25000035A51 /* Release */ = {
			isa = XCBuildConfiguration;
			buildSettings = {
				BUNDLE_LOADER = "$(TEST_HOST)";
				FRAMEWORK_SEARCH_PATHS = (
					"$(SDKROOT)/Developer/Library/Frameworks",
					"$(inherited)",
				);
				INFOPLIST_FILE = SettingsTests/Info.plist;
				LD_RUNPATH_SEARCH_PATHS = "$(inherited) @executable_path/Frameworks @loader_path/Frameworks";
				PRODUCT_NAME = "$(TARGET_NAME)";
				TEST_HOST = "$(BUILT_PRODUCTS_DIR)/Settings.app/Settings";
			};
			name = Release;
		};
/* End XCBuildConfiguration section */

/* Begin XCConfigurationList section */
		8AA965CB1BAAA25000035A51 /* Build configuration list for PBXProject "Settings" */ = {
			isa = XCConfigurationList;
			buildConfigurations = (
				8AA965F11BAAA25000035A51 /* Debug */,
				8AA965F21BAAA25000035A51 /* Release */,
			);
			defaultConfigurationIsVisible = 0;
			defaultConfigurationName = Release;
		};
		8AA965F31BAAA25000035A51 /* Build configuration list for PBXNativeTarget "Settings" */ = {
			isa = XCConfigurationList;
			buildConfigurations = (
				8AA965F41BAAA25000035A51 /* Debug */,
				8AA965F51BAAA25000035A51 /* Release */,
			);
			defaultConfigurationIsVisible = 0;
			defaultConfigurationName = Release;
		};
		8AA965F61BAAA25000035A51 /* Build configuration list for PBXNativeTarget "SettingsTests" */ = {
			isa = XCConfigurationList;
			buildConfigurations = (
				8AA965F71BAAA25000035A51 /* Debug */,
				8AA965F81BAAA25000035A51 /* Release */,
			);
			defaultConfigurationIsVisible = 0;
			defaultConfigurationName = Release;
		};
/* End XCConfigurationList section */
	};
	rootObject = 8AA965C81BAAA25000035A51 /* Project object */;
}
