// !$*UTF8*$!
{
	archiveVersion = 1;
	classes = {
	};
	objectVersion = 46;
	objects = {

/* Begin PBXBuildFile section */
		4CA00F7A0E0E95A09B0A750A /* libPods.a in Frameworks */ = {isa = PBXBuildFile; fileRef = FB7FB1EE386A48907786EF19 /* libPods.a */; };
		8412791B1BF34EFE00DFCEB8 /* main.m in Sources */ = {isa = PBXBuildFile; fileRef = 8412791A1BF34EFE00DFCEB8 /* main.m */; };
		8412791E1BF34EFE00DFCEB8 /* AppDelegate.m in Sources */ = {isa = PBXBuildFile; fileRef = 8412791D1BF34EFE00DFCEB8 /* AppDelegate.m */; };
		841279211BF34EFE00DFCEB8 /* ViewController.m in Sources */ = {isa = PBXBuildFile; fileRef = 841279201BF34EFE00DFCEB8 /* ViewController.m */; };
		841279241BF34EFF00DFCEB8 /* Main.storyboard in Resources */ = {isa = PBXBuildFile; fileRef = 841279221BF34EFF00DFCEB8 /* Main.storyboard */; };
		841279261BF34EFF00DFCEB8 /* Assets.xcassets in Resources */ = {isa = PBXBuildFile; fileRef = 841279251BF34EFF00DFCEB8 /* Assets.xcassets */; };
		841279291BF34EFF00DFCEB8 /* LaunchScreen.storyboard in Resources */ = {isa = PBXBuildFile; fileRef = 841279271BF34EFF00DFCEB8 /* LaunchScreen.storyboard */; };
		84267A5C1BF3544A0023756C /* PhotoViewController.m in Sources */ = {isa = PBXBuildFile; fileRef = 84267A5A1BF3544A0023756C /* PhotoViewController.m */; };
		84267A5D1BF3544A0023756C /* PhotoViewController.xib in Resources */ = {isa = PBXBuildFile; fileRef = 84267A5B1BF3544A0023756C /* PhotoViewController.xib */; };
		8ACE212E1BF583B4008E0389 /* MJPhoto.m in Sources */ = {isa = PBXBuildFile; fileRef = 8ACE21211BF583B4008E0389 /* MJPhoto.m */; };
		8ACE212F1BF583B4008E0389 /* MJPhotoBrowser.bundle in Resources */ = {isa = PBXBuildFile; fileRef = 8ACE21221BF583B4008E0389 /* MJPhotoBrowser.bundle */; };
		8ACE21301BF583B4008E0389 /* MJPhotoBrowser.m in Sources */ = {isa = PBXBuildFile; fileRef = 8ACE21241BF583B4008E0389 /* MJPhotoBrowser.m */; };
		8ACE21311BF583B4008E0389 /* MJPhotoLoadingView.m in Sources */ = {isa = PBXBuildFile; fileRef = 8ACE21261BF583B4008E0389 /* MJPhotoLoadingView.m */; };
		8ACE21321BF583B4008E0389 /* MJPhotoProgressView.m in Sources */ = {isa = PBXBuildFile; fileRef = 8ACE21281BF583B4008E0389 /* MJPhotoProgressView.m */; };
		8ACE21331BF583B4008E0389 /* MJPhotoToolbar.m in Sources */ = {isa = PBXBuildFile; fileRef = 8ACE212A1BF583B4008E0389 /* MJPhotoToolbar.m */; };
		8ACE21341BF583B4008E0389 /* MJPhotoView.m in Sources */ = {isa = PBXBuildFile; fileRef = 8ACE212C1BF583B4008E0389 /* MJPhotoView.m */; };
		8ACE21351BF583B4008E0389 /* README.md in Sources */ = {isa = PBXBuildFile; fileRef = 8ACE212D1BF583B4008E0389 /* README.md */; };
		8ACE21381BF585BC008E0389 /* el_capitan.jpg in Resources */ = {isa = PBXBuildFile; fileRef = 8ACE21361BF585BC008E0389 /* el_capitan.jpg */; };
		8ACE21391BF585BC008E0389 /* pic.jpg in Resources */ = {isa = PBXBuildFile; fileRef = 8ACE21371BF585BC008E0389 /* pic.jpg */; };
		8ACE213D1BF59296008E0389 /* MBProgressHUD+Add.m in Sources */ = {isa = PBXBuildFile; fileRef = 8ACE213C1BF59296008E0389 /* MBProgressHUD+Add.m */; };
/* End PBXBuildFile section */

/* Begin PBXFileReference section */
		144C6A7396306FFB50639D51 /* Pods.release.xcconfig */ = {isa = PBXFileReference; includeInIndex = 1; lastKnownFileType = text.xcconfig; name = Pods.release.xcconfig; path = "Pods/Target Support Files/Pods/Pods.release.xcconfig"; sourceTree = "<group>"; };
		31D4668224807366BE263B4B /* Pods.debug.xcconfig */ = {isa = PBXFileReference; includeInIndex = 1; lastKnownFileType = text.xcconfig; name = Pods.debug.xcconfig; path = "Pods/Target Support Files/Pods/Pods.debug.xcconfig"; sourceTree = "<group>"; };
		841279161BF34EFE00DFCEB8 /* TestPhotoBrowser.app */ = {isa = PBXFileReference; explicitFileType = wrapper.application; includeInIndex = 0; path = TestPhotoBrowser.app; sourceTree = BUILT_PRODUCTS_DIR; };
		8412791A1BF34EFE00DFCEB8 /* main.m */ = {isa = PBXFileReference; lastKnownFileType = sourcecode.c.objc; path = main.m; sourceTree = "<group>"; };
		8412791C1BF34EFE00DFCEB8 /* AppDelegate.h */ = {isa = PBXFileReference; lastKnownFileType = sourcecode.c.h; path = AppDelegate.h; sourceTree = "<group>"; };
		8412791D1BF34EFE00DFCEB8 /* AppDelegate.m */ = {isa = PBXFileReference; lastKnownFileType = sourcecode.c.objc; path = AppDelegate.m; sourceTree = "<group>"; };
		8412791F1BF34EFE00DFCEB8 /* ViewController.h */ = {isa = PBXFileReference; lastKnownFileType = sourcecode.c.h; path = ViewController.h; sourceTree = "<group>"; };
		841279201BF34EFE00DFCEB8 /* ViewController.m */ = {isa = PBXFileReference; lastKnownFileType = sourcecode.c.objc; path = ViewController.m; sourceTree = "<group>"; };
		841279231BF34EFF00DFCEB8 /* Base */ = {isa = PBXFileReference; lastKnownFileType = file.storyboard; name = Base; path = Base.lproj/Main.storyboard; sourceTree = "<group>"; };
		841279251BF34EFF00DFCEB8 /* Assets.xcassets */ = {isa = PBXFileReference; lastKnownFileType = folder.assetcatalog; path = Assets.xcassets; sourceTree = "<group>"; };
		841279281BF34EFF00DFCEB8 /* Base */ = {isa = PBXFileReference; lastKnownFileType = file.storyboard; name = Base; path = Base.lproj/LaunchScreen.storyboard; sourceTree = "<group>"; };
		8412792A1BF34EFF00DFCEB8 /* Info.plist */ = {isa = PBXFileReference; lastKnownFileType = text.plist.xml; path = Info.plist; sourceTree = "<group>"; };
		84267A591BF3544A0023756C /* PhotoViewController.h */ = {isa = PBXFileReference; fileEncoding = 4; lastKnownFileType = sourcecode.c.h; path = PhotoViewController.h; sourceTree = "<group>"; };
		84267A5A1BF3544A0023756C /* PhotoViewController.m */ = {isa = PBXFileReference; fileEncoding = 4; lastKnownFileType = sourcecode.c.objc; path = PhotoViewController.m; sourceTree = "<group>"; };
		84267A5B1BF3544A0023756C /* PhotoViewController.xib */ = {isa = PBXFileReference; fileEncoding = 4; lastKnownFileType = file.xib; path = PhotoViewController.xib; sourceTree = "<group>"; };
		8ACE21201BF583B4008E0389 /* MJPhoto.h */ = {isa = PBXFileReference; fileEncoding = 4; lastKnownFileType = sourcecode.c.h; name = MJPhoto.h; path = TestPhotoBrowser/Depends/MJPhotoBrowser/MJPhoto.h; sourceTree = "<group>"; };
		8ACE21211BF583B4008E0389 /* MJPhoto.m */ = {isa = PBXFileReference; fileEncoding = 4; lastKnownFileType = sourcecode.c.objc; name = MJPhoto.m; path = TestPhotoBrowser/Depends/MJPhotoBrowser/MJPhoto.m; sourceTree = "<group>"; };
		8ACE21221BF583B4008E0389 /* MJPhotoBrowser.bundle */ = {isa = PBXFileReference; lastKnownFileType = "wrapper.plug-in"; name = MJPhotoBrowser.bundle; path = TestPhotoBrowser/Depends/MJPhotoBrowser/MJPhotoBrowser.bundle; sourceTree = "<group>"; };
		8ACE21231BF583B4008E0389 /* MJPhotoBrowser.h */ = {isa = PBXFileReference; fileEncoding = 4; lastKnownFileType = sourcecode.c.h; name = MJPhotoBrowser.h; path = TestPhotoBrowser/Depends/MJPhotoBrowser/MJPhotoBrowser.h; sourceTree = "<group>"; };
		8ACE21241BF583B4008E0389 /* MJPhotoBrowser.m */ = {isa = PBXFileReference; fileEncoding = 4; lastKnownFileType = sourcecode.c.objc; name = MJPhotoBrowser.m; path = TestPhotoBrowser/Depends/MJPhotoBrowser/MJPhotoBrowser.m; sourceTree = "<group>"; };
		8ACE21251BF583B4008E0389 /* MJPhotoLoadingView.h */ = {isa = PBXFileReference; fileEncoding = 4; lastKnownFileType = sourcecode.c.h; name = MJPhotoLoadingView.h; path = TestPhotoBrowser/Depends/MJPhotoBrowser/MJPhotoLoadingView.h; sourceTree = "<group>"; };
		8ACE21261BF583B4008E0389 /* MJPhotoLoadingView.m */ = {isa = PBXFileReference; fileEncoding = 4; lastKnownFileType = sourcecode.c.objc; name = MJPhotoLoadingView.m; path = TestPhotoBrowser/Depends/MJPhotoBrowser/MJPhotoLoadingView.m; sourceTree = "<group>"; };
		8ACE21271BF583B4008E0389 /* MJPhotoProgressView.h */ = {isa = PBXFileReference; fileEncoding = 4; lastKnownFileType = sourcecode.c.h; name = MJPhotoProgressView.h; path = TestPhotoBrowser/Depends/MJPhotoBrowser/MJPhotoProgressView.h; sourceTree = "<group>"; };
		8ACE21281BF583B4008E0389 /* MJPhotoProgressView.m */ = {isa = PBXFileReference; fileEncoding = 4; lastKnownFileType = sourcecode.c.objc; name = MJPhotoProgressView.m; path = TestPhotoBrowser/Depends/MJPhotoBrowser/MJPhotoProgressView.m; sourceTree = "<group>"; };
		8ACE21291BF583B4008E0389 /* MJPhotoToolbar.h */ = {isa = PBXFileReference; fileEncoding = 4; lastKnownFileType = sourcecode.c.h; name = MJPhotoToolbar.h; path = TestPhotoBrowser/Depends/MJPhotoBrowser/MJPhotoToolbar.h; sourceTree = "<group>"; };
		8ACE212A1BF583B4008E0389 /* MJPhotoToolbar.m */ = {isa = PBXFileReference; fileEncoding = 4; lastKnownFileType = sourcecode.c.objc; name = MJPhotoToolbar.m; path = TestPhotoBrowser/Depends/MJPhotoBrowser/MJPhotoToolbar.m; sourceTree = "<group>"; };
		8ACE212B1BF583B4008E0389 /* MJPhotoView.h */ = {isa = PBXFileReference; fileEncoding = 4; lastKnownFileType = sourcecode.c.h; name = MJPhotoView.h; path = TestPhotoBrowser/Depends/MJPhotoBrowser/MJPhotoView.h; sourceTree = "<group>"; };
		8ACE212C1BF583B4008E0389 /* MJPhotoView.m */ = {isa = PBXFileReference; fileEncoding = 4; lastKnownFileType = sourcecode.c.objc; name = MJPhotoView.m; path = TestPhotoBrowser/Depends/MJPhotoBrowser/MJPhotoView.m; sourceTree = "<group>"; };
		8ACE212D1BF583B4008E0389 /* README.md */ = {isa = PBXFileReference; fileEncoding = 4; lastKnownFileType = net.daringfireball.markdown; name = README.md; path = TestPhotoBrowser/Depends/MJPhotoBrowser/README.md; sourceTree = "<group>"; };
		8ACE21361BF585BC008E0389 /* el_capitan.jpg */ = {isa = PBXFileReference; lastKnownFileType = image.jpeg; path = el_capitan.jpg; sourceTree = "<group>"; };
		8ACE21371BF585BC008E0389 /* pic.jpg */ = {isa = PBXFileReference; lastKnownFileType = image.jpeg; path = pic.jpg; sourceTree = "<group>"; };
		8ACE213B1BF59296008E0389 /* MBProgressHUD+Add.h */ = {isa = PBXFileReference; fileEncoding = 4; lastKnownFileType = sourcecode.c.h; name = "MBProgressHUD+Add.h"; path = "TestPhotoBrowser/Depends/MJPhotoBrowser/MBProgressHUD+Add.h"; sourceTree = "<group>"; };
		8ACE213C1BF59296008E0389 /* MBProgressHUD+Add.m */ = {isa = PBXFileReference; fileEncoding = 4; lastKnownFileType = sourcecode.c.objc; name = "MBProgressHUD+Add.m"; path = "TestPhotoBrowser/Depends/MJPhotoBrowser/MBProgressHUD+Add.m"; sourceTree = "<group>"; };
		FB7FB1EE386A48907786EF19 /* libPods.a */ = {isa = PBXFileReference; explicitFileType = archive.ar; includeInIndex = 0; path = libPods.a; sourceTree = BUILT_PRODUCTS_DIR; };
/* End PBXFileReference section */

/* Begin PBXFrameworksBuildPhase section */
		841279131BF34EFE00DFCEB8 /* Frameworks */ = {
			isa = PBXFrameworksBuildPhase;
			buildActionMask = 2147483647;
			files = (
				4CA00F7A0E0E95A09B0A750A /* libPods.a in Frameworks */,
			);
			runOnlyForDeploymentPostprocessing = 0;
		};
/* End PBXFrameworksBuildPhase section */

/* Begin PBXGroup section */
		78BFD2D31932BF31DB5D24D4 /* Frameworks */ = {
			isa = PBXGroup;
			children = (
				FB7FB1EE386A48907786EF19 /* libPods.a */,
			);
			name = Frameworks;
			sourceTree = "<group>";
		};
		8412790D1BF34EFE00DFCEB8 = {
			isa = PBXGroup;
			children = (
				8ACE211E1BF5832E008E0389 /* Depends */,
				841279181BF34EFE00DFCEB8 /* TestPhotoBrowser */,
				841279171BF34EFE00DFCEB8 /* Products */,
				9FAEA6BEE2A0DB15B6BA1A9A /* Pods */,
				78BFD2D31932BF31DB5D24D4 /* Frameworks */,
			);
			sourceTree = "<group>";
		};
		841279171BF34EFE00DFCEB8 /* Products */ = {
			isa = PBXGroup;
			children = (
				841279161BF34EFE00DFCEB8 /* TestPhotoBrowser.app */,
			);
			name = Products;
			sourceTree = "<group>";
		};
		841279181BF34EFE00DFCEB8 /* TestPhotoBrowser */ = {
			isa = PBXGroup;
			children = (
				8412791C1BF34EFE00DFCEB8 /* AppDelegate.h */,
				8412791D1BF34EFE00DFCEB8 /* AppDelegate.m */,
				8412791F1BF34EFE00DFCEB8 /* ViewController.h */,
				841279201BF34EFE00DFCEB8 /* ViewController.m */,
				84267A591BF3544A0023756C /* PhotoViewController.h */,
				84267A5A1BF3544A0023756C /* PhotoViewController.m */,
				84267A5B1BF3544A0023756C /* PhotoViewController.xib */,
				841279221BF34EFF00DFCEB8 /* Main.storyboard */,
				841279251BF34EFF00DFCEB8 /* Assets.xcassets */,
				841279271BF34EFF00DFCEB8 /* LaunchScreen.storyboard */,
				8412792A1BF34EFF00DFCEB8 /* Info.plist */,
				841279191BF34EFE00DFCEB8 /* Supporting Files */,
			);
			path = TestPhotoBrowser;
			sourceTree = "<group>";
		};
		841279191BF34EFE00DFCEB8 /* Supporting Files */ = {
			isa = PBXGroup;
			children = (
				8ACE21361BF585BC008E0389 /* el_capitan.jpg */,
				8ACE21371BF585BC008E0389 /* pic.jpg */,
				8412791A1BF34EFE00DFCEB8 /* main.m */,
			);
			name = "Supporting Files";
			sourceTree = "<group>";
		};
		8ACE211E1BF5832E008E0389 /* Depends */ = {
			isa = PBXGroup;
			children = (
				8ACE211F1BF58339008E0389 /* MJPhotoBrowser */,
			);
			name = Depends;
			sourceTree = "<group>";
		};
		8ACE211F1BF58339008E0389 /* MJPhotoBrowser */ = {
			isa = PBXGroup;
			children = (
				8ACE213B1BF59296008E0389 /* MBProgressHUD+Add.h */,
				8ACE213C1BF59296008E0389 /* MBProgressHUD+Add.m */,
				8ACE21201BF583B4008E0389 /* MJPhoto.h */,
				8ACE21211BF583B4008E0389 /* MJPhoto.m */,
				8ACE21221BF583B4008E0389 /* MJPhotoBrowser.bundle */,
				8ACE21231BF583B4008E0389 /* MJPhotoBrowser.h */,
				8ACE21241BF583B4008E0389 /* MJPhotoBrowser.m */,
				8ACE21251BF583B4008E0389 /* MJPhotoLoadingView.h */,
				8ACE21261BF583B4008E0389 /* MJPhotoLoadingView.m */,
				8ACE21271BF583B4008E0389 /* MJPhotoProgressView.h */,
				8ACE21281BF583B4008E0389 /* MJPhotoProgressView.m */,
				8ACE21291BF583B4008E0389 /* MJPhotoToolbar.h */,
				8ACE212A1BF583B4008E0389 /* MJPhotoToolbar.m */,
				8ACE212B1BF583B4008E0389 /* MJPhotoView.h */,
				8ACE212C1BF583B4008E0389 /* MJPhotoView.m */,
				8ACE212D1BF583B4008E0389 /* README.md */,
			);
			name = MJPhotoBrowser;
			sourceTree = "<group>";
		};
		9FAEA6BEE2A0DB15B6BA1A9A /* Pods */ = {
			isa = PBXGroup;
			children = (
				31D4668224807366BE263B4B /* Pods.debug.xcconfig */,
				144C6A7396306FFB50639D51 /* Pods.release.xcconfig */,
			);
			name = Pods;
			sourceTree = "<group>";
		};
/* End PBXGroup section */

/* Begin PBXNativeTarget section */
		841279151BF34EFE00DFCEB8 /* TestPhotoBrowser */ = {
			isa = PBXNativeTarget;
			buildConfigurationList = 8412792D1BF34EFF00DFCEB8 /* Build configuration list for PBXNativeTarget "TestPhotoBrowser" */;
			buildPhases = (
				AC557556DDDE8869B45CA00D /* Check Pods Manifest.lock */,
				841279121BF34EFE00DFCEB8 /* Sources */,
				841279131BF34EFE00DFCEB8 /* Frameworks */,
				841279141BF34EFE00DFCEB8 /* Resources */,
				F5197A34025EC3D174BAB2B4 /* Embed Pods Frameworks */,
				C9172A6FC994FEFE2A67D8CA /* Copy Pods Resources */,
			);
			buildRules = (
			);
			dependencies = (
			);
			name = TestPhotoBrowser;
			productName = TestPhotoBrowser;
			productReference = 841279161BF34EFE00DFCEB8 /* TestPhotoBrowser.app */;
			productType = "com.apple.product-type.application";
		};
/* End PBXNativeTarget section */

/* Begin PBXProject section */
		8412790E1BF34EFE00DFCEB8 /* Project object */ = {
			isa = PBXProject;
			attributes = {
				LastUpgradeCheck = 0710;
				ORGANIZATIONNAME = Charlie;
				TargetAttributes = {
					841279151BF34EFE00DFCEB8 = {
						CreatedOnToolsVersion = 7.1;
						DevelopmentTeam = HEC3U2XP5S;
					};
				};
			};
			buildConfigurationList = 841279111BF34EFE00DFCEB8 /* Build configuration list for PBXProject "TestPhotoBrowser" */;
			compatibilityVersion = "Xcode 3.2";
			developmentRegion = English;
			hasScannedForEncodings = 0;
			knownRegions = (
				en,
				Base,
			);
			mainGroup = 8412790D1BF34EFE00DFCEB8;
			productRefGroup = 841279171BF34EFE00DFCEB8 /* Products */;
			projectDirPath = "";
			projectRoot = "";
			targets = (
				841279151BF34EFE00DFCEB8 /* TestPhotoBrowser */,
			);
		};
/* End PBXProject section */

/* Begin PBXResourcesBuildPhase section */
		841279141BF34EFE00DFCEB8 /* Resources */ = {
			isa = PBXResourcesBuildPhase;
			buildActionMask = 2147483647;
			files = (
				8ACE21391BF585BC008E0389 /* pic.jpg in Resources */,
				841279291BF34EFF00DFCEB8 /* LaunchScreen.storyboard in Resources */,
				8ACE212F1BF583B4008E0389 /* MJPhotoBrowser.bundle in Resources */,
				84267A5D1BF3544A0023756C /* PhotoViewController.xib in Resources */,
				841279261BF34EFF00DFCEB8 /* Assets.xcassets in Resources */,
				841279241BF34EFF00DFCEB8 /* Main.storyboard in Resources */,
				8ACE21381BF585BC008E0389 /* el_capitan.jpg in Resources */,
			);
			runOnlyForDeploymentPostprocessing = 0;
		};
/* End PBXResourcesBuildPhase section */

/* Begin PBXShellScriptBuildPhase section */
		AC557556DDDE8869B45CA00D /* Check Pods Manifest.lock */ = {
			isa = PBXShellScriptBuildPhase;
			buildActionMask = 2147483647;
			files = (
			);
			inputPaths = (
			);
			name = "Check Pods Manifest.lock";
			outputPaths = (
			);
			runOnlyForDeploymentPostprocessing = 0;
			shellPath = /bin/sh;
			shellScript = "diff \"${PODS_ROOT}/../Podfile.lock\" \"${PODS_ROOT}/Manifest.lock\" > /dev/null\nif [[ $? != 0 ]] ; then\n    cat << EOM\nerror: The sandbox is not in sync with the Podfile.lock. Run 'pod install' or update your CocoaPods installation.\nEOM\n    exit 1\nfi\n";
			showEnvVarsInLog = 0;
		};
		C9172A6FC994FEFE2A67D8CA /* Copy Pods Resources */ = {
			isa = PBXShellScriptBuildPhase;
			buildActionMask = 2147483647;
			files = (
			);
			inputPaths = (
			);
			name = "Copy Pods Resources";
			outputPaths = (
			);
			runOnlyForDeploymentPostprocessing = 0;
			shellPath = /bin/sh;
			shellScript = "\"${SRCROOT}/Pods/Target Support Files/Pods/Pods-resources.sh\"\n";
			showEnvVarsInLog = 0;
		};
		F5197A34025EC3D174BAB2B4 /* Embed Pods Frameworks */ = {
			isa = PBXShellScriptBuildPhase;
			buildActionMask = 2147483647;
			files = (
			);
			inputPaths = (
			);
			name = "Embed Pods Frameworks";
			outputPaths = (
			);
			runOnlyForDeploymentPostprocessing = 0;
			shellPath = /bin/sh;
			shellScript = "\"${SRCROOT}/Pods/Target Support Files/Pods/Pods-frameworks.sh\"\n";
			showEnvVarsInLog = 0;
		};
/* End PBXShellScriptBuildPhase section */

/* Begin PBXSourcesBuildPhase section */
		841279121BF34EFE00DFCEB8 /* Sources */ = {
			isa = PBXSourcesBuildPhase;
			buildActionMask = 2147483647;
			files = (
				8ACE21341BF583B4008E0389 /* MJPhotoView.m in Sources */,
				8ACE21331BF583B4008E0389 /* MJPhotoToolbar.m in Sources */,
				841279211BF34EFE00DFCEB8 /* ViewController.m in Sources */,
				8ACE21321BF583B4008E0389 /* MJPhotoProgressView.m in Sources */,
				8ACE212E1BF583B4008E0389 /* MJPhoto.m in Sources */,
				84267A5C1BF3544A0023756C /* PhotoViewController.m in Sources */,
				8412791E1BF34EFE00DFCEB8 /* AppDelegate.m in Sources */,
				8ACE213D1BF59296008E0389 /* MBProgressHUD+Add.m in Sources */,
				8ACE21311BF583B4008E0389 /* MJPhotoLoadingView.m in Sources */,
				8ACE21301BF583B4008E0389 /* MJPhotoBrowser.m in Sources */,
				8ACE21351BF583B4008E0389 /* README.md in Sources */,
				8412791B1BF34EFE00DFCEB8 /* main.m in Sources */,
			);
			runOnlyForDeploymentPostprocessing = 0;
		};
/* End PBXSourcesBuildPhase section */

/* Begin PBXVariantGroup section */
		841279221BF34EFF00DFCEB8 /* Main.storyboard */ = {
			isa = PBXVariantGroup;
			children = (
				841279231BF34EFF00DFCEB8 /* Base */,
			);
			name = Main.storyboard;
			sourceTree = "<group>";
		};
		841279271BF34EFF00DFCEB8 /* LaunchScreen.storyboard */ = {
			isa = PBXVariantGroup;
			children = (
				841279281BF34EFF00DFCEB8 /* Base */,
			);
			name = LaunchScreen.storyboard;
			sourceTree = "<group>";
		};
/* End PBXVariantGroup section */

/* Begin XCBuildConfiguration section */
		8412792B1BF34EFF00DFCEB8 /* Debug */ = {
			isa = XCBuildConfiguration;
			buildSettings = {
				ALWAYS_SEARCH_USER_PATHS = NO;
				CLANG_CXX_LANGUAGE_STANDARD = "gnu++0x";
				CLANG_CXX_LIBRARY = "libc++";
				CLANG_ENABLE_MODULES = YES;
				CLANG_ENABLE_OBJC_ARC = YES;
				CLANG_WARN_BOOL_CONVERSION = YES;
				CLANG_WARN_CONSTANT_CONVERSION = YES;
				CLANG_WARN_DIRECT_OBJC_ISA_USAGE = YES_ERROR;
				CLANG_WARN_EMPTY_BODY = YES;
				CLANG_WARN_ENUM_CONVERSION = YES;
				CLANG_WARN_INT_CONVERSION = YES;
				CLANG_WARN_OBJC_ROOT_CLASS = YES_ERROR;
				CLANG_WARN_UNREACHABLE_CODE = YES;
				CLANG_WARN__DUPLICATE_METHOD_MATCH = YES;
				"CODE_SIGN_IDENTITY[sdk=iphoneos*]" = "iPhone Developer";
				COPY_PHASE_STRIP = NO;
				DEBUG_INFORMATION_FORMAT = dwarf;
				ENABLE_STRICT_OBJC_MSGSEND = YES;
				ENABLE_TESTABILITY = YES;
				GCC_C_LANGUAGE_STANDARD = gnu99;
				GCC_DYNAMIC_NO_PIC = NO;
				GCC_NO_COMMON_BLOCKS = YES;
				GCC_OPTIMIZATION_LEVEL = 0;
				GCC_PREPROCESSOR_DEFINITIONS = (
					"DEBUG=1",
					"$(inherited)",
				);
				GCC_WARN_64_TO_32_BIT_CONVERSION = YES;
				GCC_WARN_ABOUT_RETURN_TYPE = YES_ERROR;
				GCC_WARN_UNDECLARED_SELECTOR = YES;
				GCC_WARN_UNINITIALIZED_AUTOS = YES_AGGRESSIVE;
				GCC_WARN_UNUSED_FUNCTION = YES;
				GCC_WARN_UNUSED_VARIABLE = YES;
				IPHONEOS_DEPLOYMENT_TARGET = 9.1;
				MTL_ENABLE_DEBUG_INFO = YES;
				ONLY_ACTIVE_ARCH = YES;
				SDKROOT = iphoneos;
			};
			name = Debug;
		};
		8412792C1BF34EFF00DFCEB8 /* Release */ = {
			isa = XCBuildConfiguration;
			buildSettings = {
				ALWAYS_SEARCH_USER_PATHS = NO;
				CLANG_CXX_LANGUAGE_STANDARD = "gnu++0x";
				CLANG_CXX_LIBRARY = "libc++";
				CLANG_ENABLE_MODULES = YES;
				CLANG_ENABLE_OBJC_ARC = YES;
				CLANG_WARN_BOOL_CONVERSION = YES;
				CLANG_WARN_CONSTANT_CONVERSION = YES;
				CLANG_WARN_DIRECT_OBJC_ISA_USAGE = YES_ERROR;
				CLANG_WARN_EMPTY_BODY = YES;
				CLANG_WARN_ENUM_CONVERSION = YES;
				CLANG_WARN_INT_CONVERSION = YES;
				CLANG_WARN_OBJC_ROOT_CLASS = YES_ERROR;
				CLANG_WARN_UNREACHABLE_CODE = YES;
				CLANG_WARN__DUPLICATE_METHOD_MATCH = YES;
				"CODE_SIGN_IDENTITY[sdk=iphoneos*]" = "iPhone Developer";
				COPY_PHASE_STRIP = NO;
				DEBUG_INFORMATION_FORMAT = "dwarf-with-dsym";
				ENABLE_NS_ASSERTIONS = NO;
				ENABLE_STRICT_OBJC_MSGSEND = YES;
				GCC_C_LANGUAGE_STANDARD = gnu99;
				GCC_NO_COMMON_BLOCKS = YES;
				GCC_WARN_64_TO_32_BIT_CONVERSION = YES;
				GCC_WARN_ABOUT_RETURN_TYPE = YES_ERROR;
				GCC_WARN_UNDECLARED_SELECTOR = YES;
				GCC_WARN_UNINITIALIZED_AUTOS = YES_AGGRESSIVE;
				GCC_WARN_UNUSED_FUNCTION = YES;
				GCC_WARN_UNUSED_VARIABLE = YES;
				IPHONEOS_DEPLOYMENT_TARGET = 9.1;
				MTL_ENABLE_DEBUG_INFO = NO;
				SDKROOT = iphoneos;
				VALIDATE_PRODUCT = YES;
			};
			name = Release;
		};
		8412792E1BF34EFF00DFCEB8 /* Debug */ = {
			isa = XCBuildConfiguration;
			baseConfigurationReference = 31D4668224807366BE263B4B /* Pods.debug.xcconfig */;
			buildSettings = {
				ASSETCATALOG_COMPILER_APPICON_NAME = AppIcon;
				INFOPLIST_FILE = TestPhotoBrowser/Info.plist;
				IPHONEOS_DEPLOYMENT_TARGET = 7.0;
				LD_RUNPATH_SEARCH_PATHS = "$(inherited) @executable_path/Frameworks";
				PRODUCT_BUNDLE_IDENTIFIER = yu.TestPhotoBrowser;
				PRODUCT_NAME = "$(TARGET_NAME)";
			};
			name = Debug;
		};
		8412792F1BF34EFF00DFCEB8 /* Release */ = {
			isa = XCBuildConfiguration;
			baseConfigurationReference = 144C6A7396306FFB50639D51 /* Pods.release.xcconfig */;
			buildSettings = {
				ASSETCATALOG_COMPILER_APPICON_NAME = AppIcon;
				INFOPLIST_FILE = TestPhotoBrowser/Info.plist;
				IPHONEOS_DEPLOYMENT_TARGET = 7.0;
				LD_RUNPATH_SEARCH_PATHS = "$(inherited) @executable_path/Frameworks";
				PRODUCT_BUNDLE_IDENTIFIER = yu.TestPhotoBrowser;
				PRODUCT_NAME = "$(TARGET_NAME)";
			};
			name = Release;
		};
/* End XCBuildConfiguration section */

/* Begin XCConfigurationList section */
		841279111BF34EFE00DFCEB8 /* Build configuration list for PBXProject "TestPhotoBrowser" */ = {
			isa = XCConfigurationList;
			buildConfigurations = (
				8412792B1BF34EFF00DFCEB8 /* Debug */,
				8412792C1BF34EFF00DFCEB8 /* Release */,
			);
			defaultConfigurationIsVisible = 0;
			defaultConfigurationName = Release;
		};
		8412792D1BF34EFF00DFCEB8 /* Build configuration list for PBXNativeTarget "TestPhotoBrowser" */ = {
			isa = XCConfigurationList;
			buildConfigurations = (
				8412792E1BF34EFF00DFCEB8 /* Debug */,
				8412792F1BF34EFF00DFCEB8 /* Release */,
			);
			defaultConfigurationIsVisible = 0;
			defaultConfigurationName = Release;
		};
/* End XCConfigurationList section */
	};
	rootObject = 8412790E1BF34EFE00DFCEB8 /* Project object */;
}
